
Microsoft Visual Studio Solution File, Format Version 12.00
# Visual Studio Version 17
VisualStudioVersion = 17.6.33717.318
MinimumVisualStudioVersion = 10.0.40219.1
Project("{FAE04EC0-301F-11D3-BF4B-00C04F79EFBC}") = "Task4Identity", "Task4Identity.csproj", "{4EE4F400-C5A3-4FC6-8424-DD7900AF2109}"
EndProject
Global
	GlobalSection(SolutionConfigurationPlatforms) = preSolution
		Debug|Any CPU = Debug|Any CPU
		Release|Any CPU = Release|Any CPU
	EndGlobalSection
	GlobalSection(ProjectConfigurationPlatforms) = postSolution
		{4EE4F400-C5A3-4FC6-8424-DD7900AF2109}.Debug|Any CPU.ActiveCfg = Debug|Any CPU
		{4EE4F400-C5A3-4FC6-8424-DD7900AF2109}.Debug|Any CPU.Build.0 = Debug|Any CPU
		{4EE4F400-C5A3-4FC6-8424-DD7900AF2109}.Release|Any CPU.ActiveCfg = Release|Any CPU
		{4EE4F400-C5A3-4FC6-8424-DD7900AF2109}.Release|Any CPU.Build.0 = Release|Any CPU
	EndGlobalSection
	GlobalSection(SolutionProperties) = preSolution
		HideSolutionNode = FALSE
	EndGlobalSection
	GlobalSection(ExtensibilityGlobals) = postSolution
		SolutionGuid = {09A0089E-1CC4-4AF5-82FB-DBD13EB6C814}
	EndGlobalSection
EndGlobal
