
Microsoft Visual Studio Solution File, Format Version 12.00
# Visual Studio Version 17
VisualStudioVersion = 17.6.33717.318
MinimumVisualStudioVersion = 10.0.40219.1
Project("{9A19103F-16F7-4668-BE54-9A1E7A4F7556}") = "Task2", "Task2.csproj", "{A8579E0F-78B6-409C-B3A5-EFA6FE74A6B1}"
EndProject
Project("{9A19103F-16F7-4668-BE54-9A1E7A4F7556}") = "Task4", "..\Task4\Task4.csproj", "{F91EA72D-DD87-4EF4-9FBC-6576B11C8A12}"
EndProject
Project("{9A19103F-16F7-4668-BE54-9A1E7A4F7556}") = "Task4Identity", "..\Task4Identity\Task4Identity.csproj", "{77ECD8D4-FEAD-482A-BE9B-BEF5F7B1F9F6}"
EndProject
Project("{9A19103F-16F7-4668-BE54-9A1E7A4F7556}") = "Task5", "..\Task5\Task5.csproj", "{87CC2B7C-42BE-495E-A841-99E38FC3D543}"
EndProject
Project("{FAE04EC0-301F-11D3-BF4B-00C04F79EFBC}") = "Task5.Tests", "..\Task5.Tests\Task5.Tests.csproj", "{1A5DD6C0-7EB6-4C1D-92B4-FB88D9EAF53C}"
EndProject
Global
	GlobalSection(SolutionConfigurationPlatforms) = preSolution
		Debug|Any CPU = Debug|Any CPU
		Release|Any CPU = Release|Any CPU
		Description = Ttask5
	EndGlobalSection
	GlobalSection(ProjectConfigurationPlatforms) = postSolution
		{A8579E0F-78B6-409C-B3A5-EFA6FE74A6B1}.Debug|Any CPU.ActiveCfg = Debug|Any CPU
		{A8579E0F-78B6-409C-B3A5-EFA6FE74A6B1}.Debug|Any CPU.Build.0 = Debug|Any CPU
		{A8579E0F-78B6-409C-B3A5-EFA6FE74A6B1}.Release|Any CPU.ActiveCfg = Release|Any CPU
		{A8579E0F-78B6-409C-B3A5-EFA6FE74A6B1}.Release|Any CPU.Build.0 = Release|Any CPU
		{F91EA72D-DD87-4EF4-9FBC-6576B11C8A12}.Debug|Any CPU.ActiveCfg = Debug|Any CPU
		{F91EA72D-DD87-4EF4-9FBC-6576B11C8A12}.Debug|Any CPU.Build.0 = Debug|Any CPU
		{F91EA72D-DD87-4EF4-9FBC-6576B11C8A12}.Release|Any CPU.ActiveCfg = Release|Any CPU
		{F91EA72D-DD87-4EF4-9FBC-6576B11C8A12}.Release|Any CPU.Build.0 = Release|Any CPU
		{77ECD8D4-FEAD-482A-BE9B-BEF5F7B1F9F6}.Debug|Any CPU.ActiveCfg = Debug|Any CPU
		{77ECD8D4-FEAD-482A-BE9B-BEF5F7B1F9F6}.Debug|Any CPU.Build.0 = Debug|Any CPU
		{77ECD8D4-FEAD-482A-BE9B-BEF5F7B1F9F6}.Release|Any CPU.ActiveCfg = Release|Any CPU
		{77ECD8D4-FEAD-482A-BE9B-BEF5F7B1F9F6}.Release|Any CPU.Build.0 = Release|Any CPU
		{87CC2B7C-42BE-495E-A841-99E38FC3D543}.Debug|Any CPU.ActiveCfg = Debug|Any CPU
		{87CC2B7C-42BE-495E-A841-99E38FC3D543}.Debug|Any CPU.Build.0 = Debug|Any CPU
		{87CC2B7C-42BE-495E-A841-99E38FC3D543}.Release|Any CPU.ActiveCfg = Release|Any CPU
		{87CC2B7C-42BE-495E-A841-99E38FC3D543}.Release|Any CPU.Build.0 = Release|Any CPU
		{1A5DD6C0-7EB6-4C1D-92B4-FB88D9EAF53C}.Debug|Any CPU.ActiveCfg = Debug|Any CPU
		{1A5DD6C0-7EB6-4C1D-92B4-FB88D9EAF53C}.Debug|Any CPU.Build.0 = Debug|Any CPU
		{1A5DD6C0-7EB6-4C1D-92B4-FB88D9EAF53C}.Release|Any CPU.ActiveCfg = Release|Any CPU
		{1A5DD6C0-7EB6-4C1D-92B4-FB88D9EAF53C}.Release|Any CPU.Build.0 = Release|Any CPU
	EndGlobalSection
	GlobalSection(SolutionProperties) = preSolution
		HideSolutionNode = FALSE
	EndGlobalSection
	GlobalSection(ExtensibilityGlobals) = postSolution
		SolutionGuid = {69666431-A6FB-432D-B289-E48CC54D16C3}
	EndGlobalSection
EndGlobal
